
Microsoft Visual Studio Solution File, Format Version 12.00
# Visual Studio Version 16
VisualStudioVersion = 16.0.29806.167
MinimumVisualStudioVersion = 10.0.40219.1
Project("{8BC9CEB8-8B4A-11D0-8D11-00A0C91BC942}") = "C-Compiler", "C-Compiler\C-Compiler.vcxproj", "{CACAEFE1-16D0-48BC-9BF9-F716DED06542}"
EndProject
Global
	GlobalSection(SolutionConfigurationPlatforms) = preSolution
		Debug|x64 = Debug|x64
		Debug|x86 = Debug|x86
		Release|x64 = Release|x64
		Release|x86 = Release|x86
	EndGlobalSection
	GlobalSection(ProjectConfigurationPlatforms) = postSolution
		{CACAEFE1-16D0-48BC-9BF9-F716DED06542}.Debug|x64.ActiveCfg = Debug|x64
		{CACAEFE1-16D0-48BC-9BF9-F716DED06542}.Debug|x64.Build.0 = Debug|x64
		{CACAEFE1-16D0-48BC-9BF9-F716DED06542}.Debug|x86.ActiveCfg = Debug|Win32
		{CACAEFE1-16D0-48BC-9BF9-F716DED06542}.Debug|x86.Build.0 = Debug|Win32
		{CACAEFE1-16D0-48BC-9BF9-F716DED06542}.Release|x64.ActiveCfg = Release|x64
		{CACAEFE1-16D0-48BC-9BF9-F716DED06542}.Release|x64.Build.0 = Release|x64
		{CACAEFE1-16D0-48BC-9BF9-F716DED06542}.Release|x86.ActiveCfg = Release|Win32
		{CACAEFE1-16D0-48BC-9BF9-F716DED06542}.Release|x86.Build.0 = Release|Win32
	EndGlobalSection
	GlobalSection(SolutionProperties) = preSolution
		HideSolutionNode = FALSE
	EndGlobalSection
	GlobalSection(ExtensibilityGlobals) = postSolution
		SolutionGuid = {514C5D23-08A6-408B-B245-F0DE04C656F2}
	EndGlobalSection
EndGlobal
